
Microsoft Visual Studio Solution File, Format Version 12.00
# Visual Studio Version 17
VisualStudioVersion = 17.3.32929.385
MinimumVisualStudioVersion = 10.0.40219.1
Project("{FAE04EC0-301F-11D3-BF4B-00C04F79EFBC}") = "DashBoardUI", "DashBoardUI\DashBoardUI.csproj", "{63F87B42-57A0-4463-93E9-C81CF683B491}"
EndProject
Project("{FAE04EC0-301F-11D3-BF4B-00C04F79EFBC}") = "ModelLibrary", "ModelLibrary\ModelLibrary.csproj", "{2E8284A0-8834-4620-8300-65B30A391E6E}"
EndProject
Global
	GlobalSection(SolutionConfigurationPlatforms) = preSolution
		Debug|Any CPU = Debug|Any CPU
		Release|Any CPU = Release|Any CPU
	EndGlobalSection
	GlobalSection(ProjectConfigurationPlatforms) = postSolution
		{63F87B42-57A0-4463-93E9-C81CF683B491}.Debug|Any CPU.ActiveCfg = Debug|Any CPU
		{63F87B42-57A0-4463-93E9-C81CF683B491}.Debug|Any CPU.Build.0 = Debug|Any CPU
		{63F87B42-57A0-4463-93E9-C81CF683B491}.Release|Any CPU.ActiveCfg = Release|Any CPU
		{63F87B42-57A0-4463-93E9-C81CF683B491}.Release|Any CPU.Build.0 = Release|Any CPU
		{2E8284A0-8834-4620-8300-65B30A391E6E}.Debug|Any CPU.ActiveCfg = Debug|Any CPU
		{2E8284A0-8834-4620-8300-65B30A391E6E}.Debug|Any CPU.Build.0 = Debug|Any CPU
		{2E8284A0-8834-4620-8300-65B30A391E6E}.Release|Any CPU.ActiveCfg = Release|Any CPU
		{2E8284A0-8834-4620-8300-65B30A391E6E}.Release|Any CPU.Build.0 = Release|Any CPU
	EndGlobalSection
	GlobalSection(SolutionProperties) = preSolution
		HideSolutionNode = FALSE
	EndGlobalSection
	GlobalSection(ExtensibilityGlobals) = postSolution
		SolutionGuid = {E6712E49-9A86-4604-BC10-1371D004DD3F}
	EndGlobalSection
EndGlobal
